
Microsoft Visual Studio Solution File, Format Version 12.00
# Visual Studio Version 17
VisualStudioVersion = 17.4.33205.214
MinimumVisualStudioVersion = 10.0.40219.1
Project("{FAE04EC0-301F-11D3-BF4B-00C04F79EFBC}") = "AuthDemo", "AuthDemo\AuthDemo.csproj", "{72178CFC-60B4-47DB-B411-E8968FE9057E}"
EndProject
Global
	GlobalSection(SolutionConfigurationPlatforms) = preSolution
		Debug|Any CPU = Debug|Any CPU
		Release|Any CPU = Release|Any CPU
	EndGlobalSection
	GlobalSection(ProjectConfigurationPlatforms) = postSolution
		{72178CFC-60B4-47DB-B411-E8968FE9057E}.Debug|Any CPU.ActiveCfg = Debug|Any CPU
		{72178CFC-60B4-47DB-B411-E8968FE9057E}.Debug|Any CPU.Build.0 = Debug|Any CPU
		{72178CFC-60B4-47DB-B411-E8968FE9057E}.Release|Any CPU.ActiveCfg = Release|Any CPU
		{72178CFC-60B4-47DB-B411-E8968FE9057E}.Release|Any CPU.Build.0 = Release|Any CPU
	EndGlobalSection
	GlobalSection(SolutionProperties) = preSolution
		HideSolutionNode = FALSE
	EndGlobalSection
	GlobalSection(ExtensibilityGlobals) = postSolution
		SolutionGuid = {358C545A-F91B-4864-B70D-5B1011116CF4}
	EndGlobalSection
EndGlobal
