
Microsoft Visual Studio Solution File, Format Version 12.00
# Visual Studio Version 17
VisualStudioVersion = 17.1.32228.430
MinimumVisualStudioVersion = 10.0.40219.1
Project("{FAE04EC0-301F-11D3-BF4B-00C04F79EFBC}") = "GenericsDemo", "GenericsDemo\GenericsDemo.csproj", "{3BEB2173-A4E6-441D-A6AE-3D72931ED248}"
EndProject
Global
	GlobalSection(SolutionConfigurationPlatforms) = preSolution
		Debug|Any CPU = Debug|Any CPU
		Release|Any CPU = Release|Any CPU
	EndGlobalSection
	GlobalSection(ProjectConfigurationPlatforms) = postSolution
		{3BEB2173-A4E6-441D-A6AE-3D72931ED248}.Debug|Any CPU.ActiveCfg = Debug|Any CPU
		{3BEB2173-A4E6-441D-A6AE-3D72931ED248}.Debug|Any CPU.Build.0 = Debug|Any CPU
		{3BEB2173-A4E6-441D-A6AE-3D72931ED248}.Release|Any CPU.ActiveCfg = Release|Any CPU
		{3BEB2173-A4E6-441D-A6AE-3D72931ED248}.Release|Any CPU.Build.0 = Release|Any CPU
	EndGlobalSection
	GlobalSection(SolutionProperties) = preSolution
		HideSolutionNode = FALSE
	EndGlobalSection
	GlobalSection(ExtensibilityGlobals) = postSolution
		SolutionGuid = {ABFA9CC3-3B38-46DA-8747-37215EE92F1B}
	EndGlobalSection
EndGlobal
