
Microsoft Visual Studio Solution File, Format Version 12.00
# Visual Studio Version 17
VisualStudioVersion = 17.4.33205.214
MinimumVisualStudioVersion = 10.0.40219.1
Project("{FAE04EC0-301F-11D3-BF4B-00C04F79EFBC}") = "MongoDBAPI", "MongoDBAPI\MongoDBAPI.csproj", "{07A022AE-4DAC-4442-9527-E06067BB5CA5}"
EndProject
Global
	GlobalSection(SolutionConfigurationPlatforms) = preSolution
		Debug|Any CPU = Debug|Any CPU
		Release|Any CPU = Release|Any CPU
	EndGlobalSection
	GlobalSection(ProjectConfigurationPlatforms) = postSolution
		{07A022AE-4DAC-4442-9527-E06067BB5CA5}.Debug|Any CPU.ActiveCfg = Debug|Any CPU
		{07A022AE-4DAC-4442-9527-E06067BB5CA5}.Debug|Any CPU.Build.0 = Debug|Any CPU
		{07A022AE-4DAC-4442-9527-E06067BB5CA5}.Release|Any CPU.ActiveCfg = Release|Any CPU
		{07A022AE-4DAC-4442-9527-E06067BB5CA5}.Release|Any CPU.Build.0 = Release|Any CPU
	EndGlobalSection
	GlobalSection(SolutionProperties) = preSolution
		HideSolutionNode = FALSE
	EndGlobalSection
	GlobalSection(ExtensibilityGlobals) = postSolution
		SolutionGuid = {E1505219-B704-4C89-9E36-231F56CB39A7}
	EndGlobalSection
EndGlobal
