
Microsoft Visual Studio Solution File, Format Version 12.00
# Visual Studio Version 17
VisualStudioVersion = 17.4.33205.214
MinimumVisualStudioVersion = 10.0.40219.1
Project("{FAE04EC0-301F-11D3-BF4B-00C04F79EFBC}") = "FeaturesDemo", "FeaturesDemo\FeaturesDemo.csproj", "{423630C6-96CD-4069-BC90-BE1A707F5F3A}"
EndProject
Global
	GlobalSection(SolutionConfigurationPlatforms) = preSolution
		Debug|Any CPU = Debug|Any CPU
		Release|Any CPU = Release|Any CPU
	EndGlobalSection
	GlobalSection(ProjectConfigurationPlatforms) = postSolution
		{423630C6-96CD-4069-BC90-BE1A707F5F3A}.Debug|Any CPU.ActiveCfg = Debug|Any CPU
		{423630C6-96CD-4069-BC90-BE1A707F5F3A}.Debug|Any CPU.Build.0 = Debug|Any CPU
		{423630C6-96CD-4069-BC90-BE1A707F5F3A}.Release|Any CPU.ActiveCfg = Release|Any CPU
		{423630C6-96CD-4069-BC90-BE1A707F5F3A}.Release|Any CPU.Build.0 = Release|Any CPU
	EndGlobalSection
	GlobalSection(SolutionProperties) = preSolution
		HideSolutionNode = FALSE
	EndGlobalSection
	GlobalSection(ExtensibilityGlobals) = postSolution
		SolutionGuid = {DAAB5AA6-3FDE-4D92-B2F7-BFF2FC0D0BDE}
	EndGlobalSection
EndGlobal
