
Microsoft Visual Studio Solution File, Format Version 12.00
# Visual Studio Version 17
VisualStudioVersion = 17.4.33205.214
MinimumVisualStudioVersion = 10.0.40219.1
Project("{FAE04EC0-301F-11D3-BF4B-00C04F79EFBC}") = "EntityDemo", "EntityDemo\EntityDemo.csproj", "{626655F9-DC39-434E-A243-697B7A50F207}"
EndProject
Global
	GlobalSection(SolutionConfigurationPlatforms) = preSolution
		Debug|Any CPU = Debug|Any CPU
		Release|Any CPU = Release|Any CPU
	EndGlobalSection
	GlobalSection(ProjectConfigurationPlatforms) = postSolution
		{626655F9-DC39-434E-A243-697B7A50F207}.Debug|Any CPU.ActiveCfg = Debug|Any CPU
		{626655F9-DC39-434E-A243-697B7A50F207}.Debug|Any CPU.Build.0 = Debug|Any CPU
		{626655F9-DC39-434E-A243-697B7A50F207}.Release|Any CPU.ActiveCfg = Release|Any CPU
		{626655F9-DC39-434E-A243-697B7A50F207}.Release|Any CPU.Build.0 = Release|Any CPU
	EndGlobalSection
	GlobalSection(SolutionProperties) = preSolution
		HideSolutionNode = FALSE
	EndGlobalSection
	GlobalSection(ExtensibilityGlobals) = postSolution
		SolutionGuid = {B47E6B17-374B-40E8-863D-9146DE6D89AC}
	EndGlobalSection
EndGlobal
